// !$*UTF8*$!
{
	archiveVersion = 1;
	classes = {
	};
	objectVersion = 56;
	objects = {

/* Begin PBXBuildFile section */
		5BB52DB12AC2D372005D3DAB /* AppDelegate.swift in Sources */ = {isa = PBXBuildFile; fileRef = 5BB52DB02AC2D372005D3DAB /* AppDelegate.swift */; };
		5BB52DB32AC2D372005D3DAB /* SceneDelegate.swift in Sources */ = {isa = PBXBuildFile; fileRef = 5BB52DB22AC2D372005D3DAB /* SceneDelegate.swift */; };
		5BB52DB52AC2D372005D3DAB /* ViewController.swift in Sources */ = {isa = PBXBuildFile; fileRef = 5BB52DB42AC2D372005D3DAB /* ViewController.swift */; };
		5BB52DB82AC2D372005D3DAB /* Main.storyboard in Resources */ = {isa = PBXBuildFile; fileRef = 5BB52DB62AC2D372005D3DAB /* Main.storyboard */; };
		5BB52DBA2AC2D374005D3DAB /* Assets.xcassets in Resources */ = {isa = PBXBuildFile; fileRef = 5BB52DB92AC2D374005D3DAB /* Assets.xcassets */; };
		5BB52DBD2AC2D374005D3DAB /* LaunchScreen.storyboard in Resources */ = {isa = PBXBuildFile; fileRef = 5BB52DBB2AC2D374005D3DAB /* LaunchScreen.storyboard */; };
		5BB52DC52AC2D38D005D3DAB /* JsonPlist.plist in Resources */ = {isa = PBXBuildFile; fileRef = 5BB52DC42AC2D38D005D3DAB /* JsonPlist.plist */; };
		5BB52DC72AC2DD1E005D3DAB /* MyTableViewCell.swift in Sources */ = {isa = PBXBuildFile; fileRef = 5BB52DC62AC2DD1E005D3DAB /* MyTableViewCell.swift */; };
/* End PBXBuildFile section */

/* Begin PBXFileReference section */
		5BB52DAD2AC2D372005D3DAB /* PlistDataParsing.app */ = {isa = PBXFileReference; explicitFileType = wrapper.application; includeInIndex = 0; path = PlistDataParsing.app; sourceTree = BUILT_PRODUCTS_DIR; };
		5BB52DB02AC2D372005D3DAB /* AppDelegate.swift */ = {isa = PBXFileReference; lastKnownFileType = sourcecode.swift; path = AppDelegate.swift; sourceTree = "<group>"; };
		5BB52DB22AC2D372005D3DAB /* SceneDelegate.swift */ = {isa = PBXFileReference; lastKnownFileType = sourcecode.swift; path = SceneDelegate.swift; sourceTree = "<group>"; };
		5BB52DB42AC2D372005D3DAB /* ViewController.swift */ = {isa = PBXFileReference; lastKnownFileType = sourcecode.swift; path = ViewController.swift; sourceTree = "<group>"; };
		5BB52DB72AC2D372005D3DAB /* Base */ = {isa = PBXFileReference; lastKnownFileType = file.storyboard; name = Base; path = Base.lproj/Main.storyboard; sourceTree = "<group>"; };
		5BB52DB92AC2D374005D3DAB /* Assets.xcassets */ = {isa = PBXFileReference; lastKnownFileType = folder.assetcatalog; path = Assets.xcassets; sourceTree = "<group>"; };
		5BB52DBC2AC2D374005D3DAB /* Base */ = {isa = PBXFileReference; lastKnownFileType = file.storyboard; name = Base; path = Base.lproj/LaunchScreen.storyboard; sourceTree = "<group>"; };
		5BB52DBE2AC2D374005D3DAB /* Info.plist */ = {isa = PBXFileReference; lastKnownFileType = text.plist.xml; path = Info.plist; sourceTree = "<group>"; };
		5BB52DC42AC2D38D005D3DAB /* JsonPlist.plist */ = {isa = PBXFileReference; fileEncoding = 4; lastKnownFileType = text.plist.xml; path = JsonPlist.plist; sourceTree = "<group>"; };
		5BB52DC62AC2DD1E005D3DAB /* MyTableViewCell.swift */ = {isa = PBXFileReference; lastKnownFileType = sourcecode.swift; path = MyTableViewCell.swift; sourceTree = "<group>"; };
/* End PBXFileReference section */

/* Begin PBXFrameworksBuildPhase section */
		5BB52DAA2AC2D372005D3DAB /* Frameworks */ = {
			isa = PBXFrameworksBuildPhase;
			buildActionMask = 2147483647;
			files = (
			);
			runOnlyForDeploymentPostprocessing = 0;
		};
/* End PBXFrameworksBuildPhase section */

/* Begin PBXGroup section */
		5BB52DA42AC2D372005D3DAB = {
			isa = PBXGroup;
			children = (
				5BB52DAF2AC2D372005D3DAB /* PlistDataParsing */,
				5BB52DAE2AC2D372005D3DAB /* Products */,
			);
			sourceTree = "<group>";
		};
		5BB52DAE2AC2D372005D3DAB /* Products */ = {
			isa = PBXGroup;
			children = (
				5BB52DAD2AC2D372005D3DAB /* PlistDataParsing.app */,
			);
			name = Products;
			sourceTree = "<group>";
		};
		5BB52DAF2AC2D372005D3DAB /* PlistDataParsing */ = {
			isa = PBXGroup;
			children = (
				5BB52DB02AC2D372005D3DAB /* AppDelegate.swift */,
				5BB52DB22AC2D372005D3DAB /* SceneDelegate.swift */,
				5BB52DB42AC2D372005D3DAB /* ViewController.swift */,
				5BB52DB62AC2D372005D3DAB /* Main.storyboard */,
				5BB52DC62AC2DD1E005D3DAB /* MyTableViewCell.swift */,
				5BB52DB92AC2D374005D3DAB /* Assets.xcassets */,
				5BB52DBB2AC2D374005D3DAB /* LaunchScreen.storyboard */,
				5BB52DBE2AC2D374005D3DAB /* Info.plist */,
				5BB52DC42AC2D38D005D3DAB /* JsonPlist.plist */,
			);
			path = PlistDataParsing;
			sourceTree = "<group>";
		};
/* End PBXGroup section */

/* Begin PBXNativeTarget section */
		5BB52DAC2AC2D372005D3DAB /* PlistDataParsing */ = {
			isa = PBXNativeTarget;
			buildConfigurationList = 5BB52DC12AC2D374005D3DAB /* Build configuration list for PBXNativeTarget "PlistDataParsing" */;
			buildPhases = (
				5BB52DA92AC2D372005D3DAB /* Sources */,
				5BB52DAA2AC2D372005D3DAB /* Frameworks */,
				5BB52DAB2AC2D372005D3DAB /* Resources */,
			);
			buildRules = (
			);
			dependencies = (
			);
			name = PlistDataParsing;
			productName = PlistDataParsing;
			productReference = 5BB52DAD2AC2D372005D3DAB /* PlistDataParsing.app */;
			productType = "com.apple.product-type.application";
		};
/* End PBXNativeTarget section */

/* Begin PBXProject section */
		5BB52DA52AC2D372005D3DAB /* Project object */ = {
			isa = PBXProject;
			attributes = {
				BuildIndependentTargetsInParallel = 1;
				LastSwiftUpdateCheck = 1420;
				LastUpgradeCheck = 1420;
				TargetAttributes = {
					5BB52DAC2AC2D372005D3DAB = {
						CreatedOnToolsVersion = 14.2;
					};
				};
			};
			buildConfigurationList = 5BB52DA82AC2D372005D3DAB /* Build configuration list for PBXProject "PlistDataParsing" */;
			compatibilityVersion = "Xcode 14.0";
			developmentRegion = en;
			hasScannedForEncodings = 0;
			knownRegions = (
				en,
				Base,
			);
			mainGroup = 5BB52DA42AC2D372005D3DAB;
			productRefGroup = 5BB52DAE2AC2D372005D3DAB /* Products */;
			projectDirPath = "";
			projectRoot = "";
			targets = (
				5BB52DAC2AC2D372005D3DAB /* PlistDataParsing */,
			);
		};
/* End PBXProject section */

/* Begin PBXResourcesBuildPhase section */
		5BB52DAB2AC2D372005D3DAB /* Resources */ = {
			isa = PBXResourcesBuildPhase;
			buildActionMask = 2147483647;
			files = (
				5BB52DBD2AC2D374005D3DAB /* LaunchScreen.storyboard in Resources */,
				5BB52DBA2AC2D374005D3DAB /* Assets.xcassets in Resources */,
				5BB52DB82AC2D372005D3DAB /* Main.storyboard in Resources */,
				5BB52DC52AC2D38D005D3DAB /* JsonPlist.plist in Resources */,
			);
			runOnlyForDeploymentPostprocessing = 0;
		};
/* End PBXResourcesBuildPhase section */

/* Begin PBXSourcesBuildPhase section */
		5BB52DA92AC2D372005D3DAB /* Sources */ = {
			isa = PBXSourcesBuildPhase;
			buildActionMask = 2147483647;
			files = (
				5BB52DB52AC2D372005D3DAB /* ViewController.swift in Sources */,
				5BB52DC72AC2DD1E005D3DAB /* MyTableViewCell.swift in Sources */,
				5BB52DB12AC2D372005D3DAB /* AppDelegate.swift in Sources */,
				5BB52DB32AC2D372005D3DAB /* SceneDelegate.swift in Sources */,
			);
			runOnlyForDeploymentPostprocessing = 0;
		};
/* End PBXSourcesBuildPhase section */

/* Begin PBXVariantGroup section */
		5BB52DB62AC2D372005D3DAB /* Main.storyboard */ = {
			isa = PBXVariantGroup;
			children = (
				5BB52DB72AC2D372005D3DAB /* Base */,
			);
			name = Main.storyboard;
			sourceTree = "<group>";
		};
		5BB52DBB2AC2D374005D3DAB /* LaunchScreen.storyboard */ = {
			isa = PBXVariantGroup;
			children = (
				5BB52DBC2AC2D374005D3DAB /* Base */,
			);
			name = LaunchScreen.storyboard;
			sourceTree = "<group>";
		};
/* End PBXVariantGroup section */

/* Begin XCBuildConfiguration section */
		5BB52DBF2AC2D374005D3DAB /* Debug */ = {
			isa = XCBuildConfiguration;
			buildSettings = {
				ALWAYS_SEARCH_USER_PATHS = NO;
				CLANG_ANALYZER_NONNULL = YES;
				CLANG_ANALYZER_NUMBER_OBJECT_CONVERSION = YES_AGGRESSIVE;
				CLANG_CXX_LANGUAGE_STANDARD = "gnu++20";
				CLANG_ENABLE_MODULES = YES;
				CLANG_ENABLE_OBJC_ARC = YES;
				CLANG_ENABLE_OBJC_WEAK = YES;
				CLANG_WARN_BLOCK_CAPTURE_AUTORELEASING = YES;
				CLANG_WARN_BOOL_CONVERSION = YES;
				CLANG_WARN_COMMA = YES;
				CLANG_WARN_CONSTANT_CONVERSION = YES;
				CLANG_WARN_DEPRECATED_OBJC_IMPLEMENTATIONS = YES;
				CLANG_WARN_DIRECT_OBJC_ISA_USAGE = YES_ERROR;
				CLANG_WARN_DOCUMENTATION_COMMENTS = YES;
				CLANG_WARN_EMPTY_BODY = YES;
				CLANG_WARN_ENUM_CONVERSION = YES;
				CLANG_WARN_INFINITE_RECURSION = YES;
				CLANG_WARN_INT_CONVERSION = YES;
				CLANG_WARN_NON_LITERAL_NULL_CONVERSION = YES;
				CLANG_WARN_OBJC_IMPLICIT_RETAIN_SELF = YES;
				CLANG_WARN_OBJC_LITERAL_CONVERSION = YES;
				CLANG_WARN_OBJC_ROOT_CLASS = YES_ERROR;
				CLANG_WARN_QUOTED_INCLUDE_IN_FRAMEWORK_HEADER = YES;
				CLANG_WARN_RANGE_LOOP_ANALYSIS = YES;
				CLANG_WARN_STRICT_PROTOTYPES = YES;
				CLANG_WARN_SUSPICIOUS_MOVE = YES;
				CLANG_WARN_UNGUARDED_AVAILABILITY = YES_AGGRESSIVE;
				CLANG_WARN_UNREACHABLE_CODE = YES;
				CLANG_WARN__DUPLICATE_METHOD_MATCH = YES;
				COPY_PHASE_STRIP = NO;
				DEBUG_INFORMATION_FORMAT = dwarf;
				ENABLE_STRICT_OBJC_MSGSEND = YES;
				ENABLE_TESTABILITY = YES;
				GCC_C_LANGUAGE_STANDARD = gnu11;
				GCC_DYNAMIC_NO_PIC = NO;
				GCC_NO_COMMON_BLOCKS = YES;
				GCC_OPTIMIZATION_LEVEL = 0;
				GCC_PREPROCESSOR_DEFINITIONS = (
					"DEBUG=1",
					"$(inherited)",
				);
				GCC_WARN_64_TO_32_BIT_CONVERSION = YES;
				GCC_WARN_ABOUT_RETURN_TYPE = YES_ERROR;
				GCC_WARN_UNDECLARED_SELECTOR = YES;
				GCC_WARN_UNINITIALIZED_AUTOS = YES_AGGRESSIVE;
				GCC_WARN_UNUSED_FUNCTION = YES;
				GCC_WARN_UNUSED_VARIABLE = YES;
				IPHONEOS_DEPLOYMENT_TARGET = 16.2;
				MTL_ENABLE_DEBUG_INFO = INCLUDE_SOURCE;
				MTL_FAST_MATH = YES;
				ONLY_ACTIVE_ARCH = YES;
				SDKROOT = iphoneos;
				SWIFT_ACTIVE_COMPILATION_CONDITIONS = DEBUG;
				SWIFT_OPTIMIZATION_LEVEL = "-Onone";
			};
			name = Debug;
		};
		5BB52DC02AC2D374005D3DAB /* Release */ = {
			isa = XCBuildConfiguration;
			buildSettings = {
				ALWAYS_SEARCH_USER_PATHS = NO;
				CLANG_ANALYZER_NONNULL = YES;
				CLANG_ANALYZER_NUMBER_OBJECT_CONVERSION = YES_AGGRESSIVE;
				CLANG_CXX_LANGUAGE_STANDARD = "gnu++20";
				CLANG_ENABLE_MODULES = YES;
				CLANG_ENABLE_OBJC_ARC = YES;
				CLANG_ENABLE_OBJC_WEAK = YES;
				CLANG_WARN_BLOCK_CAPTURE_AUTORELEASING = YES;
				CLANG_WARN_BOOL_CONVERSION = YES;
				CLANG_WARN_COMMA = YES;
				CLANG_WARN_CONSTANT_CONVERSION = YES;
				CLANG_WARN_DEPRECATED_OBJC_IMPLEMENTATIONS = YES;
				CLANG_WARN_DIRECT_OBJC_ISA_USAGE = YES_ERROR;
				CLANG_WARN_DOCUMENTATION_COMMENTS = YES;
				CLANG_WARN_EMPTY_BODY = YES;
				CLANG_WARN_ENUM_CONVERSION = YES;
				CLANG_WARN_INFINITE_RECURSION = YES;
				CLANG_WARN_INT_CONVERSION = YES;
				CLANG_WARN_NON_LITERAL_NULL_CONVERSION = YES;
				CLANG_WARN_OBJC_IMPLICIT_RETAIN_SELF = YES;
				CLANG_WARN_OBJC_LITERAL_CONVERSION = YES;
				CLANG_WARN_OBJC_ROOT_CLASS = YES_ERROR;
				CLANG_WARN_QUOTED_INCLUDE_IN_FRAMEWORK_HEADER = YES;
				CLANG_WARN_RANGE_LOOP_ANALYSIS = YES;
				CLANG_WARN_STRICT_PROTOTYPES = YES;
				CLANG_WARN_SUSPICIOUS_MOVE = YES;
				CLANG_WARN_UNGUARDED_AVAILABILITY = YES_AGGRESSIVE;
				CLANG_WARN_UNREACHABLE_CODE = YES;
				CLANG_WARN__DUPLICATE_METHOD_MATCH = YES;
				COPY_PHASE_STRIP = NO;
				DEBUG_INFORMATION_FORMAT = "dwarf-with-dsym";
				ENABLE_NS_ASSERTIONS = NO;
				ENABLE_STRICT_OBJC_MSGSEND = YES;
				GCC_C_LANGUAGE_STANDARD = gnu11;
				GCC_NO_COMMON_BLOCKS = YES;
				GCC_WARN_64_TO_32_BIT_CONVERSION = YES;
				GCC_WARN_ABOUT_RETURN_TYPE = YES_ERROR;
				GCC_WARN_UNDECLARED_SELECTOR = YES;
				GCC_WARN_UNINITIALIZED_AUTOS = YES_AGGRESSIVE;
				GCC_WARN_UNUSED_FUNCTION = YES;
				GCC_WARN_UNUSED_VARIABLE = YES;
				IPHONEOS_DEPLOYMENT_TARGET = 16.2;
				MTL_ENABLE_DEBUG_INFO = NO;
				MTL_FAST_MATH = YES;
				SDKROOT = iphoneos;
				SWIFT_COMPILATION_MODE = wholemodule;
				SWIFT_OPTIMIZATION_LEVEL = "-O";
				VALIDATE_PRODUCT = YES;
			};
			name = Release;
		};
		5BB52DC22AC2D374005D3DAB /* Debug */ = {
			isa = XCBuildConfiguration;
			buildSettings = {
				ASSETCATALOG_COMPILER_APPICON_NAME = AppIcon;
				ASSETCATALOG_COMPILER_GLOBAL_ACCENT_COLOR_NAME = AccentColor;
				CODE_SIGN_STYLE = Automatic;
				CURRENT_PROJECT_VERSION = 1;
				GENERATE_INFOPLIST_FILE = YES;
				INFOPLIST_FILE = PlistDataParsing/Info.plist;
				INFOPLIST_KEY_UIApplicationSupportsIndirectInputEvents = YES;
				INFOPLIST_KEY_UILaunchStoryboardName = LaunchScreen;
				INFOPLIST_KEY_UIMainStoryboardFile = Main;
				INFOPLIST_KEY_UISupportedInterfaceOrientations_iPad = "UIInterfaceOrientationPortrait UIInterfaceOrientationPortraitUpsideDown UIInterfaceOrientationLandscapeLeft UIInterfaceOrientationLandscapeRight";
				INFOPLIST_KEY_UISupportedInterfaceOrientations_iPhone = "UIInterfaceOrientationPortrait UIInterfaceOrientationLandscapeLeft UIInterfaceOrientationLandscapeRight";
				LD_RUNPATH_SEARCH_PATHS = (
					"$(inherited)",
					"@executable_path/Frameworks",
				);
				MARKETING_VERSION = 1.0;
				PRODUCT_BUNDLE_IDENTIFIER = Admin.PlistDataParsing;
				PRODUCT_NAME = "$(TARGET_NAME)";
				SWIFT_EMIT_LOC_STRINGS = YES;
				SWIFT_VERSION = 5.0;
				TARGETED_DEVICE_FAMILY = "1,2";
			};
			name = Debug;
		};
		5BB52DC32AC2D374005D3DAB /* Release */ = {
			isa = XCBuildConfiguration;
			buildSettings = {
				ASSETCATALOG_COMPILER_APPICON_NAME = AppIcon;
				ASSETCATALOG_COMPILER_GLOBAL_ACCENT_COLOR_NAME = AccentColor;
				CODE_SIGN_STYLE = Automatic;
				CURRENT_PROJECT_VERSION = 1;
				GENERATE_INFOPLIST_FILE = YES;
				INFOPLIST_FILE = PlistDataParsing/Info.plist;
				INFOPLIST_KEY_UIApplicationSupportsIndirectInputEvents = YES;
				INFOPLIST_KEY_UILaunchStoryboardName = LaunchScreen;
				INFOPLIST_KEY_UIMainStoryboardFile = Main;
				INFOPLIST_KEY_UISupportedInterfaceOrientations_iPad = "UIInterfaceOrientationPortrait UIInterfaceOrientationPortraitUpsideDown UIInterfaceOrientationLandscapeLeft UIInterfaceOrientationLandscapeRight";
				INFOPLIST_KEY_UISupportedInterfaceOrientations_iPhone = "UIInterfaceOrientationPortrait UIInterfaceOrientationLandscapeLeft UIInterfaceOrientationLandscapeRight";
				LD_RUNPATH_SEARCH_PATHS = (
					"$(inherited)",
					"@executable_path/Frameworks",
				);
				MARKETING_VERSION = 1.0;
				PRODUCT_BUNDLE_IDENTIFIER = Admin.PlistDataParsing;
				PRODUCT_NAME = "$(TARGET_NAME)";
				SWIFT_EMIT_LOC_STRINGS = YES;
				SWIFT_VERSION = 5.0;
				TARGETED_DEVICE_FAMILY = "1,2";
			};
			name = Release;
		};
/* End XCBuildConfiguration section */

/* Begin XCConfigurationList section */
		5BB52DA82AC2D372005D3DAB /* Build configuration list for PBXProject "PlistDataParsing" */ = {
			isa = XCConfigurationList;
			buildConfigurations = (
				5BB52DBF2AC2D374005D3DAB /* Debug */,
				5BB52DC02AC2D374005D3DAB /* Release */,
			);
			defaultConfigurationIsVisible = 0;
			defaultConfigurationName = Release;
		};
		5BB52DC12AC2D374005D3DAB /* Build configuration list for PBXNativeTarget "PlistDataParsing" */ = {
			isa = XCConfigurationList;
			buildConfigurations = (
				5BB52DC22AC2D374005D3DAB /* Debug */,
				5BB52DC32AC2D374005D3DAB /* Release */,
			);
			defaultConfigurationIsVisible = 0;
			defaultConfigurationName = Release;
		};
/* End XCConfigurationList section */
	};
	rootObject = 5BB52DA52AC2D372005D3DAB /* Project object */;
}
